Microsoft Visual Studio Solution File, Format Version 12.00
# Visual Studio 15
VisualStudioVersion = 15.0.26730.8
MinimumVisualStudioVersion = 10.0.40219.1
Project("{FAE04EC0-301F-11D3-BF4B-00C04F79EFBC}") = "SkiRunRater.Sprint4.Solution", "SkiRunRater.Sprint4.Solution\SkiRunRater.Sprint4.Solution.csproj", "{FEFACD73-F8F8-4CA4-99D9-BA5D6339904D}"
EndProject
Project("{2150E333-8FDC-42A3-9474-1A3956D46DE8}") = "Documentation", "Documentation", "{A5BEE8C3-BC8D-414B-8C0C-149F6F716F36}"
EndProject
Project("{FAE04EC0-301F-11D3-BF4B-00C04F79EFBC}") = "SkiRunRater.Sprint4.Starter", "SkiRunRater.Sprint4.Starter\SkiRunRater.Sprint4.Starter.csproj", "{7EA5EA6D-274F-4B7F-8D06-234EFBBB8CD9}"
EndProject
Global
	GlobalSection(SolutionConfigurationPlatforms) = preSolution
		Debug|Any CPU = Debug|Any CPU
		Release|Any CPU = Release|Any CPU
	EndGlobalSection
	GlobalSection(ProjectConfigurationPlatforms) = postSolution
		{FEFACD73-F8F8-4CA4-99D9-BA5D6339904D}.Debug|Any CPU.ActiveCfg = Debug|Any CPU
		{FEFACD73-F8F8-4CA4-99D9-BA5D6339904D}.Debug|Any CPU.Build.0 = Debug|Any CPU
		{FEFACD73-F8F8-4CA4-99D9-BA5D6339904D}.Release|Any CPU.ActiveCfg = Release|Any CPU
		{FEFACD73-F8F8-4CA4-99D9-BA5D6339904D}.Release|Any CPU.Build.0 = Release|Any CPU
		{7EA5EA6D-274F-4B7F-8D06-234EFBBB8CD9}.Debug|Any CPU.ActiveCfg = Debug|Any CPU
		{7EA5EA6D-274F-4B7F-8D06-234EFBBB8CD9}.Debug|Any CPU.Build.0 = Debug|Any CPU
		{7EA5EA6D-274F-4B7F-8D06-234EFBBB8CD9}.Release|Any CPU.ActiveCfg = Release|Any CPU
		{7EA5EA6D-274F-4B7F-8D06-234EFBBB8CD9}.Release|Any CPU.Build.0 = Release|Any CPU
	EndGlobalSection
	GlobalSection(SolutionProperties) = preSolution
		HideSolutionNode = FALSE
	EndGlobalSection
	GlobalSection(ExtensibilityGlobals) = postSolution
		SolutionGuid = {1AAB65E5-003C-4A14-BA4C-BD5BB0F6AC0D}
	EndGlobalSection
EndGlobal
